schema: '2.0'
stages:
  load_data:
    cmd: python src/load_data.py --config=params.yaml
    deps:
    - path: data_given/winequality.csv
      md5: ccc8d3507eb151f53f760d36abdef888
      size: 91998
    - path: src/get_data.py
      md5: 70d528731f3fb7bc85da984900b9d981
      size: 732
    - path: src/load_data.py
      md5: 8387603a71fa7cd3b2709232aa945b21
      size: 704
    outs:
    - path: data/raw/winequality.csv
      md5: d98e8f2eca228c11c4de1cc96866a54d
      size: 93598
  split_data:
    cmd: python src/split_data.py --config=params.yaml
    deps:
    - path: data\raw\winequality.csv
      md5: d98e8f2eca228c11c4de1cc96866a54d
      size: 93598
    - path: src/split_data.py
      md5: 55a7d40c7daa3672c1407855351956ad
      size: 1038
    outs:
    - path: data\processed\train_winequality.csv
      md5: 4bccf4d668cdc60115de42ba74d416ab
      size: 74913
